// !$*UTF8*$!
{
	archiveVersion = 1;
	classes = {
	};
	objectVersion = 52;
	objects = {

/* Begin PBXBuildFile section */
		F6502C0224BCFA220082EF1C /* TCAOneTwoThreeApp.swift in Sources */ = {isa = PBXBuildFile; fileRef = F6502C0124BCFA220082EF1C /* TCAOneTwoThreeApp.swift */; };
		F6502C0424BCFA220082EF1C /* ContentView.swift in Sources */ = {isa = PBXBuildFile; fileRef = F6502C0324BCFA220082EF1C /* ContentView.swift */; };
		F6502C0624BCFA250082EF1C /* Assets.xcassets in Resources */ = {isa = PBXBuildFile; fileRef = F6502C0524BCFA250082EF1C /* Assets.xcassets */; };
		F6502C0924BCFA250082EF1C /* Preview Assets.xcassets in Resources */ = {isa = PBXBuildFile; fileRef = F6502C0824BCFA250082EF1C /* Preview Assets.xcassets */; };
		F6502C1424BCFA260082EF1C /* TCAOneTwoThreeTests.swift in Sources */ = {isa = PBXBuildFile; fileRef = F6502C1324BCFA260082EF1C /* TCAOneTwoThreeTests.swift */; };
		F6502C1F24BCFA260082EF1C /* TCAOneTwoThreeUITests.swift in Sources */ = {isa = PBXBuildFile; fileRef = F6502C1E24BCFA260082EF1C /* TCAOneTwoThreeUITests.swift */; };
		F6502C2E24BCFD180082EF1C /* ComposableArchitecture in Frameworks */ = {isa = PBXBuildFile; productRef = F6502C2D24BCFD180082EF1C /* ComposableArchitecture */; };
/* End PBXBuildFile section */

/* Begin PBXContainerItemProxy section */
		F6502C1024BCFA260082EF1C /* PBXContainerItemProxy */ = {
			isa = PBXContainerItemProxy;
			containerPortal = F6502BF624BCFA220082EF1C /* Project object */;
			proxyType = 1;
			remoteGlobalIDString = F6502BFD24BCFA220082EF1C;
			remoteInfo = TCAOneTwoThree;
		};
		F6502C1B24BCFA260082EF1C /* PBXContainerItemProxy */ = {
			isa = PBXContainerItemProxy;
			containerPortal = F6502BF624BCFA220082EF1C /* Project object */;
			proxyType = 1;
			remoteGlobalIDString = F6502BFD24BCFA220082EF1C;
			remoteInfo = TCAOneTwoThree;
		};
/* End PBXContainerItemProxy section */

/* Begin PBXFileReference section */
		F6502BFE24BCFA220082EF1C /* TCAOneTwoThree.app */ = {isa = PBXFileReference; explicitFileType = wrapper.application; includeInIndex = 0; path = TCAOneTwoThree.app; sourceTree = BUILT_PRODUCTS_DIR; };
		F6502C0124BCFA220082EF1C /* TCAOneTwoThreeApp.swift */ = {isa = PBXFileReference; lastKnownFileType = sourcecode.swift; path = TCAOneTwoThreeApp.swift; sourceTree = "<group>"; };
		F6502C0324BCFA220082EF1C /* ContentView.swift */ = {isa = PBXFileReference; lastKnownFileType = sourcecode.swift; path = ContentView.swift; sourceTree = "<group>"; };
		F6502C0524BCFA250082EF1C /* Assets.xcassets */ = {isa = PBXFileReference; lastKnownFileType = folder.assetcatalog; path = Assets.xcassets; sourceTree = "<group>"; };
		F6502C0824BCFA250082EF1C /* Preview Assets.xcassets */ = {isa = PBXFileReference; lastKnownFileType = folder.assetcatalog; path = "Preview Assets.xcassets"; sourceTree = "<group>"; };
		F6502C0A24BCFA250082EF1C /* Info.plist */ = {isa = PBXFileReference; lastKnownFileType = text.plist.xml; path = Info.plist; sourceTree = "<group>"; };
		F6502C0F24BCFA260082EF1C /* TCAOneTwoThreeTests.xctest */ = {isa = PBXFileReference; explicitFileType = wrapper.cfbundle; includeInIndex = 0; path = TCAOneTwoThreeTests.xctest; sourceTree = BUILT_PRODUCTS_DIR; };
		F6502C1324BCFA260082EF1C /* TCAOneTwoThreeTests.swift */ = {isa = PBXFileReference; lastKnownFileType = sourcecode.swift; path = TCAOneTwoThreeTests.swift; sourceTree = "<group>"; };
		F6502C1524BCFA260082EF1C /* Info.plist */ = {isa = PBXFileReference; lastKnownFileType = text.plist.xml; path = Info.plist; sourceTree = "<group>"; };
		F6502C1A24BCFA260082EF1C /* TCAOneTwoThreeUITests.xctest */ = {isa = PBXFileReference; explicitFileType = wrapper.cfbundle; includeInIndex = 0; path = TCAOneTwoThreeUITests.xctest; sourceTree = BUILT_PRODUCTS_DIR; };
		F6502C1E24BCFA260082EF1C /* TCAOneTwoThreeUITests.swift */ = {isa = PBXFileReference; lastKnownFileType = sourcecode.swift; path = TCAOneTwoThreeUITests.swift; sourceTree = "<group>"; };
		F6502C2024BCFA260082EF1C /* Info.plist */ = {isa = PBXFileReference; lastKnownFileType = text.plist.xml; path = Info.plist; sourceTree = "<group>"; };
/* End PBXFileReference section */

/* Begin PBXFrameworksBuildPhase section */
		F6502BFB24BCFA220082EF1C /* Frameworks */ = {
			isa = PBXFrameworksBuildPhase;
			buildActionMask = 2147483647;
			files = (
				F6502C2E24BCFD180082EF1C /* ComposableArchitecture in Frameworks */,
			);
			runOnlyForDeploymentPostprocessing = 0;
		};
		F6502C0C24BCFA250082EF1C /* Frameworks */ = {
			isa = PBXFrameworksBuildPhase;
			buildActionMask = 2147483647;
			files = (
			);
			runOnlyForDeploymentPostprocessing = 0;
		};
		F6502C1724BCFA260082EF1C /* Frameworks */ = {
			isa = PBXFrameworksBuildPhase;
			buildActionMask = 2147483647;
			files = (
			);
			runOnlyForDeploymentPostprocessing = 0;
		};
/* End PBXFrameworksBuildPhase section */

/* Begin PBXGroup section */
		F6502BF524BCFA220082EF1C = {
			isa = PBXGroup;
			children = (
				F6502C0024BCFA220082EF1C /* TCAOneTwoThree */,
				F6502C1224BCFA260082EF1C /* TCAOneTwoThreeTests */,
				F6502C1D24BCFA260082EF1C /* TCAOneTwoThreeUITests */,
				F6502BFF24BCFA220082EF1C /* Products */,
			);
			sourceTree = "<group>";
		};
		F6502BFF24BCFA220082EF1C /* Products */ = {
			isa = PBXGroup;
			children = (
				F6502BFE24BCFA220082EF1C /* TCAOneTwoThree.app */,
				F6502C0F24BCFA260082EF1C /* TCAOneTwoThreeTests.xctest */,
				F6502C1A24BCFA260082EF1C /* TCAOneTwoThreeUITests.xctest */,
			);
			name = Products;
			sourceTree = "<group>";
		};
		F6502C0024BCFA220082EF1C /* TCAOneTwoThree */ = {
			isa = PBXGroup;
			children = (
				F6502C0124BCFA220082EF1C /* TCAOneTwoThreeApp.swift */,
				F6502C0324BCFA220082EF1C /* ContentView.swift */,
				F6502C0524BCFA250082EF1C /* Assets.xcassets */,
				F6502C0A24BCFA250082EF1C /* Info.plist */,
				F6502C0724BCFA250082EF1C /* Preview Content */,
			);
			path = TCAOneTwoThree;
			sourceTree = "<group>";
		};
		F6502C0724BCFA250082EF1C /* Preview Content */ = {
			isa = PBXGroup;
			children = (
				F6502C0824BCFA250082EF1C /* Preview Assets.xcassets */,
			);
			path = "Preview Content";
			sourceTree = "<group>";
		};
		F6502C1224BCFA260082EF1C /* TCAOneTwoThreeTests */ = {
			isa = PBXGroup;
			children = (
				F6502C1324BCFA260082EF1C /* TCAOneTwoThreeTests.swift */,
				F6502C1524BCFA260082EF1C /* Info.plist */,
			);
			path = TCAOneTwoThreeTests;
			sourceTree = "<group>";
		};
		F6502C1D24BCFA260082EF1C /* TCAOneTwoThreeUITests */ = {
			isa = PBXGroup;
			children = (
				F6502C1E24BCFA260082EF1C /* TCAOneTwoThreeUITests.swift */,
				F6502C2024BCFA260082EF1C /* Info.plist */,
			);
			path = TCAOneTwoThreeUITests;
			sourceTree = "<group>";
		};
/* End PBXGroup section */

/* Begin PBXNativeTarget section */
		F6502BFD24BCFA220082EF1C /* TCAOneTwoThree */ = {
			isa = PBXNativeTarget;
			buildConfigurationList = F6502C2324BCFA260082EF1C /* Build configuration list for PBXNativeTarget "TCAOneTwoThree" */;
			buildPhases = (
				F6502BFA24BCFA220082EF1C /* Sources */,
				F6502BFB24BCFA220082EF1C /* Frameworks */,
				F6502BFC24BCFA220082EF1C /* Resources */,
			);
			buildRules = (
			);
			dependencies = (
			);
			name = TCAOneTwoThree;
			packageProductDependencies = (
				F6502C2D24BCFD180082EF1C /* ComposableArchitecture */,
			);
			productName = TCAOneTwoThree;
			productReference = F6502BFE24BCFA220082EF1C /* TCAOneTwoThree.app */;
			productType = "com.apple.product-type.application";
		};
		F6502C0E24BCFA250082EF1C /* TCAOneTwoThreeTests */ = {
			isa = PBXNativeTarget;
			buildConfigurationList = F6502C2624BCFA260082EF1C /* Build configuration list for PBXNativeTarget "TCAOneTwoThreeTests" */;
			buildPhases = (
				F6502C0B24BCFA250082EF1C /* Sources */,
				F6502C0C24BCFA250082EF1C /* Frameworks */,
				F6502C0D24BCFA250082EF1C /* Resources */,
			);
			buildRules = (
			);
			dependencies = (
				F6502C1124BCFA260082EF1C /* PBXTargetDependency */,
			);
			name = TCAOneTwoThreeTests;
			productName = TCAOneTwoThreeTests;
			productReference = F6502C0F24BCFA260082EF1C /* TCAOneTwoThreeTests.xctest */;
			productType = "com.apple.product-type.bundle.unit-test";
		};
		F6502C1924BCFA260082EF1C /* TCAOneTwoThreeUITests */ = {
			isa = PBXNativeTarget;
			buildConfigurationList = F6502C2924BCFA260082EF1C /* Build configuration list for PBXNativeTarget "TCAOneTwoThreeUITests" */;
			buildPhases = (
				F6502C1624BCFA260082EF1C /* Sources */,
				F6502C1724BCFA260082EF1C /* Frameworks */,
				F6502C1824BCFA260082EF1C /* Resources */,
			);
			buildRules = (
			);
			dependencies = (
				F6502C1C24BCFA260082EF1C /* PBXTargetDependency */,
			);
			name = TCAOneTwoThreeUITests;
			productName = TCAOneTwoThreeUITests;
			productReference = F6502C1A24BCFA260082EF1C /* TCAOneTwoThreeUITests.xctest */;
			productType = "com.apple.product-type.bundle.ui-testing";
		};
/* End PBXNativeTarget section */

/* Begin PBXProject section */
		F6502BF624BCFA220082EF1C /* Project object */ = {
			isa = PBXProject;
			attributes = {
				LastSwiftUpdateCheck = 1200;
				LastUpgradeCheck = 1200;
				TargetAttributes = {
					F6502BFD24BCFA220082EF1C = {
						CreatedOnToolsVersion = 12.0;
					};
					F6502C0E24BCFA250082EF1C = {
						CreatedOnToolsVersion = 12.0;
						TestTargetID = F6502BFD24BCFA220082EF1C;
					};
					F6502C1924BCFA260082EF1C = {
						CreatedOnToolsVersion = 12.0;
						TestTargetID = F6502BFD24BCFA220082EF1C;
					};
				};
			};
			buildConfigurationList = F6502BF924BCFA220082EF1C /* Build configuration list for PBXProject "TCAOneTwoThree" */;
			compatibilityVersion = "Xcode 9.3";
			developmentRegion = en;
			hasScannedForEncodings = 0;
			knownRegions = (
				en,
				Base,
			);
			mainGroup = F6502BF524BCFA220082EF1C;
			packageReferences = (
				F6502C2C24BCFD180082EF1C /* XCRemoteSwiftPackageReference "swift-composable-architecture" */,
			);
			productRefGroup = F6502BFF24BCFA220082EF1C /* Products */;
			projectDirPath = "";
			projectRoot = "";
			targets = (
				F6502BFD24BCFA220082EF1C /* TCAOneTwoThree */,
				F6502C0E24BCFA250082EF1C /* TCAOneTwoThreeTests */,
				F6502C1924BCFA260082EF1C /* TCAOneTwoThreeUITests */,
			);
		};
/* End PBXProject section */

/* Begin PBXResourcesBuildPhase section */
		F6502BFC24BCFA220082EF1C /* Resources */ = {
			isa = PBXResourcesBuildPhase;
			buildActionMask = 2147483647;
			files = (
				F6502C0924BCFA250082EF1C /* Preview Assets.xcassets in Resources */,
				F6502C0624BCFA250082EF1C /* Assets.xcassets in Resources */,
			);
			runOnlyForDeploymentPostprocessing = 0;
		};
		F6502C0D24BCFA250082EF1C /* Resources */ = {
			isa = PBXResourcesBuildPhase;
			buildActionMask = 2147483647;
			files = (
			);
			runOnlyForDeploymentPostprocessing = 0;
		};
		F6502C1824BCFA260082EF1C /* Resources */ = {
			isa = PBXResourcesBuildPhase;
			buildActionMask = 2147483647;
			files = (
			);
			runOnlyForDeploymentPostprocessing = 0;
		};
/* End PBXResourcesBuildPhase section */

/* Begin PBXSourcesBuildPhase section */
		F6502BFA24BCFA220082EF1C /* Sources */ = {
			isa = PBXSourcesBuildPhase;
			buildActionMask = 2147483647;
			files = (
				F6502C0424BCFA220082EF1C /* ContentView.swift in Sources */,
				F6502C0224BCFA220082EF1C /* TCAOneTwoThreeApp.swift in Sources */,
			);
			runOnlyForDeploymentPostprocessing = 0;
		};
		F6502C0B24BCFA250082EF1C /* Sources */ = {
			isa = PBXSourcesBuildPhase;
			buildActionMask = 2147483647;
			files = (
				F6502C1424BCFA260082EF1C /* TCAOneTwoThreeTests.swift in Sources */,
			);
			runOnlyForDeploymentPostprocessing = 0;
		};
		F6502C1624BCFA260082EF1C /* Sources */ = {
			isa = PBXSourcesBuildPhase;
			buildActionMask = 2147483647;
			files = (
				F6502C1F24BCFA260082EF1C /* TCAOneTwoThreeUITests.swift in Sources */,
			);
			runOnlyForDeploymentPostprocessing = 0;
		};
/* End PBXSourcesBuildPhase section */

/* Begin PBXTargetDependency section */
		F6502C1124BCFA260082EF1C /* PBXTargetDependency */ = {
			isa = PBXTargetDependency;
			target = F6502BFD24BCFA220082EF1C /* TCAOneTwoThree */;
			targetProxy = F6502C1024BCFA260082EF1C /* PBXContainerItemProxy */;
		};
		F6502C1C24BCFA260082EF1C /* PBXTargetDependency */ = {
			isa = PBXTargetDependency;
			target = F6502BFD24BCFA220082EF1C /* TCAOneTwoThree */;
			targetProxy = F6502C1B24BCFA260082EF1C /* PBXContainerItemProxy */;
		};
/* End PBXTargetDependency section */

/* Begin XCBuildConfiguration section */
		F6502C2124BCFA260082EF1C /* Debug */ = {
			isa = XCBuildConfiguration;
			buildSettings = {
				ALWAYS_SEARCH_USER_PATHS = NO;
				CLANG_ANALYZER_NONNULL = YES;
				CLANG_ANALYZER_NUMBER_OBJECT_CONVERSION = YES_AGGRESSIVE;
				CLANG_CXX_LANGUAGE_STANDARD = "gnu++14";
				CLANG_CXX_LIBRARY = "libc++";
				CLANG_ENABLE_MODULES = YES;
				CLANG_ENABLE_OBJC_ARC = YES;
				CLANG_ENABLE_OBJC_WEAK = YES;
				CLANG_WARN_BLOCK_CAPTURE_AUTORELEASING = YES;
				CLANG_WARN_BOOL_CONVERSION = YES;
				CLANG_WARN_COMMA = YES;
				CLANG_WARN_CONSTANT_CONVERSION = YES;
				CLANG_WARN_DEPRECATED_OBJC_IMPLEMENTATIONS = YES;
				CLANG_WARN_DIRECT_OBJC_ISA_USAGE = YES_ERROR;
				CLANG_WARN_DOCUMENTATION_COMMENTS = YES;
				CLANG_WARN_EMPTY_BODY = YES;
				CLANG_WARN_ENUM_CONVERSION = YES;
				CLANG_WARN_INFINITE_RECURSION = YES;
				CLANG_WARN_INT_CONVERSION = YES;
				CLANG_WARN_NON_LITERAL_NULL_CONVERSION = YES;
				CLANG_WARN_OBJC_IMPLICIT_RETAIN_SELF = YES;
				CLANG_WARN_OBJC_LITERAL_CONVERSION = YES;
				CLANG_WARN_OBJC_ROOT_CLASS = YES_ERROR;
				CLANG_WARN_QUOTED_INCLUDE_IN_FRAMEWORK_HEADER = YES;
				CLANG_WARN_RANGE_LOOP_ANALYSIS = YES;
				CLANG_WARN_STRICT_PROTOTYPES = YES;
				CLANG_WARN_SUSPICIOUS_MOVE = YES;
				CLANG_WARN_UNGUARDED_AVAILABILITY = YES_AGGRESSIVE;
				CLANG_WARN_UNREACHABLE_CODE = YES;
				CLANG_WARN__DUPLICATE_METHOD_MATCH = YES;
				COPY_PHASE_STRIP = NO;
				DEBUG_INFORMATION_FORMAT = dwarf;
				ENABLE_STRICT_OBJC_MSGSEND = YES;
				ENABLE_TESTABILITY = YES;
				GCC_C_LANGUAGE_STANDARD = gnu11;
				GCC_DYNAMIC_NO_PIC = NO;
				GCC_NO_COMMON_BLOCKS = YES;
				GCC_OPTIMIZATION_LEVEL = 0;
				GCC_PREPROCESSOR_DEFINITIONS = (
					"DEBUG=1",
					"$(inherited)",
				);
				GCC_WARN_64_TO_32_BIT_CONVERSION = YES;
				GCC_WARN_ABOUT_RETURN_TYPE = YES_ERROR;
				GCC_WARN_UNDECLARED_SELECTOR = YES;
				GCC_WARN_UNINITIALIZED_AUTOS = YES_AGGRESSIVE;
				GCC_WARN_UNUSED_FUNCTION = YES;
				GCC_WARN_UNUSED_VARIABLE = YES;
				IPHONEOS_DEPLOYMENT_TARGET = 14.0;
				MTL_ENABLE_DEBUG_INFO = INCLUDE_SOURCE;
				MTL_FAST_MATH = YES;
				ONLY_ACTIVE_ARCH = YES;
				SDKROOT = iphoneos;
				SWIFT_ACTIVE_COMPILATION_CONDITIONS = DEBUG;
				SWIFT_OPTIMIZATION_LEVEL = "-Onone";
			};
			name = Debug;
		};
		F6502C2224BCFA260082EF1C /* Release */ = {
			isa = XCBuildConfiguration;
			buildSettings = {
				ALWAYS_SEARCH_USER_PATHS = NO;
				CLANG_ANALYZER_NONNULL = YES;
				CLANG_ANALYZER_NUMBER_OBJECT_CONVERSION = YES_AGGRESSIVE;
				CLANG_CXX_LANGUAGE_STANDARD = "gnu++14";
				CLANG_CXX_LIBRARY = "libc++";
				CLANG_ENABLE_MODULES = YES;
				CLANG_ENABLE_OBJC_ARC = YES;
				CLANG_ENABLE_OBJC_WEAK = YES;
				CLANG_WARN_BLOCK_CAPTURE_AUTORELEASING = YES;
				CLANG_WARN_BOOL_CONVERSION = YES;
				CLANG_WARN_COMMA = YES;
				CLANG_WARN_CONSTANT_CONVERSION = YES;
				CLANG_WARN_DEPRECATED_OBJC_IMPLEMENTATIONS = YES;
				CLANG_WARN_DIRECT_OBJC_ISA_USAGE = YES_ERROR;
				CLANG_WARN_DOCUMENTATION_COMMENTS = YES;
				CLANG_WARN_EMPTY_BODY = YES;
				CLANG_WARN_ENUM_CONVERSION = YES;
				CLANG_WARN_INFINITE_RECURSION = YES;
				CLANG_WARN_INT_CONVERSION = YES;
				CLANG_WARN_NON_LITERAL_NULL_CONVERSION = YES;
				CLANG_WARN_OBJC_IMPLICIT_RETAIN_SELF = YES;
				CLANG_WARN_OBJC_LITERAL_CONVERSION = YES;
				CLANG_WARN_OBJC_ROOT_CLASS = YES_ERROR;
				CLANG_WARN_QUOTED_INCLUDE_IN_FRAMEWORK_HEADER = YES;
				CLANG_WARN_RANGE_LOOP_ANALYSIS = YES;
				CLANG_WARN_STRICT_PROTOTYPES = YES;
				CLANG_WARN_SUSPICIOUS_MOVE = YES;
				CLANG_WARN_UNGUARDED_AVAILABILITY = YES_AGGRESSIVE;
				CLANG_WARN_UNREACHABLE_CODE = YES;
				CLANG_WARN__DUPLICATE_METHOD_MATCH = YES;
				COPY_PHASE_STRIP = NO;
				DEBUG_INFORMATION_FORMAT = "dwarf-with-dsym";
				ENABLE_NS_ASSERTIONS = NO;
				ENABLE_STRICT_OBJC_MSGSEND = YES;
				GCC_C_LANGUAGE_STANDARD = gnu11;
				GCC_NO_COMMON_BLOCKS = YES;
				GCC_WARN_64_TO_32_BIT_CONVERSION = YES;
				GCC_WARN_ABOUT_RETURN_TYPE = YES_ERROR;
				GCC_WARN_UNDECLARED_SELECTOR = YES;
				GCC_WARN_UNINITIALIZED_AUTOS = YES_AGGRESSIVE;
				GCC_WARN_UNUSED_FUNCTION = YES;
				GCC_WARN_UNUSED_VARIABLE = YES;
				IPHONEOS_DEPLOYMENT_TARGET = 14.0;
				MTL_ENABLE_DEBUG_INFO = NO;
				MTL_FAST_MATH = YES;
				SDKROOT = iphoneos;
				SWIFT_COMPILATION_MODE = wholemodule;
				SWIFT_OPTIMIZATION_LEVEL = "-O";
				VALIDATE_PRODUCT = YES;
			};
			name = Release;
		};
		F6502C2424BCFA260082EF1C /* Debug */ = {
			isa = XCBuildConfiguration;
			buildSettings = {
				ASSETCATALOG_COMPILER_APPICON_NAME = AppIcon;
				ASSETCATALOG_COMPILER_GLOBAL_ACCENT_COLOR_NAME = AccentColor;
				CODE_SIGN_STYLE = Automatic;
				DEVELOPMENT_ASSET_PATHS = "\"TCAOneTwoThree/Preview Content\"";
				DEVELOPMENT_TEAM = 5R6CF59GRY;
				ENABLE_PREVIEWS = YES;
				INFOPLIST_FILE = TCAOneTwoThree/Info.plist;
				IPHONEOS_DEPLOYMENT_TARGET = 14.0;
				LD_RUNPATH_SEARCH_PATHS = (
					"$(inherited)",
					"@executable_path/Frameworks",
				);
				PRODUCT_BUNDLE_IDENTIFIER = com.shneaky.TCAOneTwoThree;
				PRODUCT_NAME = "$(TARGET_NAME)";
				SWIFT_VERSION = 5.0;
				TARGETED_DEVICE_FAMILY = "1,2";
			};
			name = Debug;
		};
		F6502C2524BCFA260082EF1C /* Release */ = {
			isa = XCBuildConfiguration;
			buildSettings = {
				ASSETCATALOG_COMPILER_APPICON_NAME = AppIcon;
				ASSETCATALOG_COMPILER_GLOBAL_ACCENT_COLOR_NAME = AccentColor;
				CODE_SIGN_STYLE = Automatic;
				DEVELOPMENT_ASSET_PATHS = "\"TCAOneTwoThree/Preview Content\"";
				DEVELOPMENT_TEAM = 5R6CF59GRY;
				ENABLE_PREVIEWS = YES;
				INFOPLIST_FILE = TCAOneTwoThree/Info.plist;
				IPHONEOS_DEPLOYMENT_TARGET = 14.0;
				LD_RUNPATH_SEARCH_PATHS = (
					"$(inherited)",
					"@executable_path/Frameworks",
				);
				PRODUCT_BUNDLE_IDENTIFIER = com.shneaky.TCAOneTwoThree;
				PRODUCT_NAME = "$(TARGET_NAME)";
				SWIFT_VERSION = 5.0;
				TARGETED_DEVICE_FAMILY = "1,2";
			};
			name = Release;
		};
		F6502C2724BCFA260082EF1C /* Debug */ = {
			isa = XCBuildConfiguration;
			buildSettings = {
				ALWAYS_EMBED_SWIFT_STANDARD_LIBRARIES = YES;
				BUNDLE_LOADER = "$(TEST_HOST)";
				CODE_SIGN_STYLE = Automatic;
				DEVELOPMENT_TEAM = 5R6CF59GRY;
				INFOPLIST_FILE = TCAOneTwoThreeTests/Info.plist;
				IPHONEOS_DEPLOYMENT_TARGET = 14.0;
				LD_RUNPATH_SEARCH_PATHS = (
					"$(inherited)",
					"@executable_path/Frameworks",
					"@loader_path/Frameworks",
				);
				PRODUCT_BUNDLE_IDENTIFIER = com.shneaky.TCAOneTwoThreeTests;
				PRODUCT_NAME = "$(TARGET_NAME)";
				SWIFT_VERSION = 5.0;
				TARGETED_DEVICE_FAMILY = "1,2";
				TEST_HOST = "$(BUILT_PRODUCTS_DIR)/TCAOneTwoThree.app/TCAOneTwoThree";
			};
			name = Debug;
		};
		F6502C2824BCFA260082EF1C /* Release */ = {
			isa = XCBuildConfiguration;
			buildSettings = {
				ALWAYS_EMBED_SWIFT_STANDARD_LIBRARIES = YES;
				BUNDLE_LOADER = "$(TEST_HOST)";
				CODE_SIGN_STYLE = Automatic;
				DEVELOPMENT_TEAM = 5R6CF59GRY;
				INFOPLIST_FILE = TCAOneTwoThreeTests/Info.plist;
				IPHONEOS_DEPLOYMENT_TARGET = 14.0;
				LD_RUNPATH_SEARCH_PATHS = (
					"$(inherited)",
					"@executable_path/Frameworks",
					"@loader_path/Frameworks",
				);
				PRODUCT_BUNDLE_IDENTIFIER = com.shneaky.TCAOneTwoThreeTests;
				PRODUCT_NAME = "$(TARGET_NAME)";
				SWIFT_VERSION = 5.0;
				TARGETED_DEVICE_FAMILY = "1,2";
				TEST_HOST = "$(BUILT_PRODUCTS_DIR)/TCAOneTwoThree.app/TCAOneTwoThree";
			};
			name = Release;
		};
		F6502C2A24BCFA260082EF1C /* Debug */ = {
			isa = XCBuildConfiguration;
			buildSettings = {
				ALWAYS_EMBED_SWIFT_STANDARD_LIBRARIES = YES;
				CODE_SIGN_STYLE = Automatic;
				DEVELOPMENT_TEAM = 5R6CF59GRY;
				INFOPLIST_FILE = TCAOneTwoThreeUITests/Info.plist;
				LD_RUNPATH_SEARCH_PATHS = (
					"$(inherited)",
					"@executable_path/Frameworks",
					"@loader_path/Frameworks",
				);
				PRODUCT_BUNDLE_IDENTIFIER = com.shneaky.TCAOneTwoThreeUITests;
				PRODUCT_NAME = "$(TARGET_NAME)";
				SWIFT_VERSION = 5.0;
				TARGETED_DEVICE_FAMILY = "1,2";
				TEST_TARGET_NAME = TCAOneTwoThree;
			};
			name = Debug;
		};
		F6502C2B24BCFA260082EF1C /* Release */ = {
			isa = XCBuildConfiguration;
			buildSettings = {
				ALWAYS_EMBED_SWIFT_STANDARD_LIBRARIES = YES;
				CODE_SIGN_STYLE = Automatic;
				DEVELOPMENT_TEAM = 5R6CF59GRY;
				INFOPLIST_FILE = TCAOneTwoThreeUITests/Info.plist;
				LD_RUNPATH_SEARCH_PATHS = (
					"$(inherited)",
					"@executable_path/Frameworks",
					"@loader_path/Frameworks",
				);
				PRODUCT_BUNDLE_IDENTIFIER = com.shneaky.TCAOneTwoThreeUITests;
				PRODUCT_NAME = "$(TARGET_NAME)";
				SWIFT_VERSION = 5.0;
				TARGETED_DEVICE_FAMILY = "1,2";
				TEST_TARGET_NAME = TCAOneTwoThree;
			};
			name = Release;
		};
/* End XCBuildConfiguration section */

/* Begin XCConfigurationList section */
		F6502BF924BCFA220082EF1C /* Build configuration list for PBXProject "TCAOneTwoThree" */ = {
			isa = XCConfigurationList;
			buildConfigurations = (
				F6502C2124BCFA260082EF1C /* Debug */,
				F6502C2224BCFA260082EF1C /* Release */,
			);
			defaultConfigurationIsVisible = 0;
			defaultConfigurationName = Release;
		};
		F6502C2324BCFA260082EF1C /* Build configuration list for PBXNativeTarget "TCAOneTwoThree" */ = {
			isa = XCConfigurationList;
			buildConfigurations = (
				F6502C2424BCFA260082EF1C /* Debug */,
				F6502C2524BCFA260082EF1C /* Release */,
			);
			defaultConfigurationIsVisible = 0;
			defaultConfigurationName = Release;
		};
		F6502C2624BCFA260082EF1C /* Build configuration list for PBXNativeTarget "TCAOneTwoThreeTests" */ = {
			isa = XCConfigurationList;
			buildConfigurations = (
				F6502C2724BCFA260082EF1C /* Debug */,
				F6502C2824BCFA260082EF1C /* Release */,
			);
			defaultConfigurationIsVisible = 0;
			defaultConfigurationName = Release;
		};
		F6502C2924BCFA260082EF1C /* Build configuration list for PBXNativeTarget "TCAOneTwoThreeUITests" */ = {
			isa = XCConfigurationList;
			buildConfigurations = (
				F6502C2A24BCFA260082EF1C /* Debug */,
				F6502C2B24BCFA260082EF1C /* Release */,
			);
			defaultConfigurationIsVisible = 0;
			defaultConfigurationName = Release;
		};
/* End XCConfigurationList section */

/* Begin XCRemoteSwiftPackageReference section */
		F6502C2C24BCFD180082EF1C /* XCRemoteSwiftPackageReference "swift-composable-architecture" */ = {
			isa = XCRemoteSwiftPackageReference;
			repositoryURL = "https://github.com/pointfreeco/swift-composable-architecture.git";
			requirement = {
				kind = upToNextMajorVersion;
				minimumVersion = 0.6.0;
			};
		};
/* End XCRemoteSwiftPackageReference section */

/* Begin XCSwiftPackageProductDependency section */
		F6502C2D24BCFD180082EF1C /* ComposableArchitecture */ = {
			isa = XCSwiftPackageProductDependency;
			package = F6502C2C24BCFD180082EF1C /* XCRemoteSwiftPackageReference "swift-composable-architecture" */;
			productName = ComposableArchitecture;
		};
/* End XCSwiftPackageProductDependency section */
	};
	rootObject = F6502BF624BCFA220082EF1C /* Project object */;
}
